
Microsoft Visual Studio Solution File, Format Version 12.00
# Visual Studio 15
VisualStudioVersion = 15.0.26124.0
MinimumVisualStudioVersion = 15.0.26124.0
Project("{2150E333-8FDC-42A3-9474-1A3956D46DE8}") = "src", "src", "{F9E98DBC-F19B-4FCF-89CB-A4A4A9FB412D}"
EndProject
Project("{FAE04EC0-301F-11D3-BF4B-00C04F79EFBC}") = "LambdaExec", "src\LambdaExec\LambdaExec.csproj", "{04E0B038-2C19-4AA8-853B-0A6BCEE48D37}"
EndProject
Project("{FAE04EC0-301F-11D3-BF4B-00C04F79EFBC}") = "SimpleFunction", "src\SimpleFunction\SimpleFunction.csproj", "{763F8354-FEAB-44FA-BB3D-45E514149161}"
EndProject
Global
	GlobalSection(SolutionConfigurationPlatforms) = preSolution
		Debug|Any CPU = Debug|Any CPU
		Debug|x64 = Debug|x64
		Debug|x86 = Debug|x86
		Release|Any CPU = Release|Any CPU
		Release|x64 = Release|x64
		Release|x86 = Release|x86
	EndGlobalSection
	GlobalSection(SolutionProperties) = preSolution
		HideSolutionNode = FALSE
	EndGlobalSection
	GlobalSection(ProjectConfigurationPlatforms) = postSolution
		{04E0B038-2C19-4AA8-853B-0A6BCEE48D37}.Debug|Any CPU.ActiveCfg = Debug|Any CPU
		{04E0B038-2C19-4AA8-853B-0A6BCEE48D37}.Debug|Any CPU.Build.0 = Debug|Any CPU
		{04E0B038-2C19-4AA8-853B-0A6BCEE48D37}.Debug|x64.ActiveCfg = Debug|Any CPU
		{04E0B038-2C19-4AA8-853B-0A6BCEE48D37}.Debug|x64.Build.0 = Debug|Any CPU
		{04E0B038-2C19-4AA8-853B-0A6BCEE48D37}.Debug|x86.ActiveCfg = Debug|Any CPU
		{04E0B038-2C19-4AA8-853B-0A6BCEE48D37}.Debug|x86.Build.0 = Debug|Any CPU
		{04E0B038-2C19-4AA8-853B-0A6BCEE48D37}.Release|Any CPU.ActiveCfg = Release|Any CPU
		{04E0B038-2C19-4AA8-853B-0A6BCEE48D37}.Release|Any CPU.Build.0 = Release|Any CPU
		{04E0B038-2C19-4AA8-853B-0A6BCEE48D37}.Release|x64.ActiveCfg = Release|Any CPU
		{04E0B038-2C19-4AA8-853B-0A6BCEE48D37}.Release|x64.Build.0 = Release|Any CPU
		{04E0B038-2C19-4AA8-853B-0A6BCEE48D37}.Release|x86.ActiveCfg = Release|Any CPU
		{04E0B038-2C19-4AA8-853B-0A6BCEE48D37}.Release|x86.Build.0 = Release|Any CPU
		{763F8354-FEAB-44FA-BB3D-45E514149161}.Debug|Any CPU.ActiveCfg = Debug|Any CPU
		{763F8354-FEAB-44FA-BB3D-45E514149161}.Debug|Any CPU.Build.0 = Debug|Any CPU
		{763F8354-FEAB-44FA-BB3D-45E514149161}.Debug|x64.ActiveCfg = Debug|Any CPU
		{763F8354-FEAB-44FA-BB3D-45E514149161}.Debug|x64.Build.0 = Debug|Any CPU
		{763F8354-FEAB-44FA-BB3D-45E514149161}.Debug|x86.ActiveCfg = Debug|Any CPU
		{763F8354-FEAB-44FA-BB3D-45E514149161}.Debug|x86.Build.0 = Debug|Any CPU
		{763F8354-FEAB-44FA-BB3D-45E514149161}.Release|Any CPU.ActiveCfg = Release|Any CPU
		{763F8354-FEAB-44FA-BB3D-45E514149161}.Release|Any CPU.Build.0 = Release|Any CPU
		{763F8354-FEAB-44FA-BB3D-45E514149161}.Release|x64.ActiveCfg = Release|Any CPU
		{763F8354-FEAB-44FA-BB3D-45E514149161}.Release|x64.Build.0 = Release|Any CPU
		{763F8354-FEAB-44FA-BB3D-45E514149161}.Release|x86.ActiveCfg = Release|Any CPU
		{763F8354-FEAB-44FA-BB3D-45E514149161}.Release|x86.Build.0 = Release|Any CPU
	EndGlobalSection
	GlobalSection(NestedProjects) = preSolution
		{04E0B038-2C19-4AA8-853B-0A6BCEE48D37} = {F9E98DBC-F19B-4FCF-89CB-A4A4A9FB412D}
		{763F8354-FEAB-44FA-BB3D-45E514149161} = {F9E98DBC-F19B-4FCF-89CB-A4A4A9FB412D}
	EndGlobalSection
EndGlobal
